
Microsoft Visual Studio Solution File, Format Version 12.00
# Visual Studio Version 17
VisualStudioVersion = 17.4.33110.190
MinimumVisualStudioVersion = 10.0.40219.1
Project("{FAE04EC0-301F-11D3-BF4B-00C04F79EFBC}") = "Lab1", "Lab1\Lab1.csproj", "{73237280-F317-4BE4-9273-FAEE65D8F320}"
EndProject
Global
	GlobalSection(SolutionConfigurationPlatforms) = preSolution
		Debug|Any CPU = Debug|Any CPU
		Release|Any CPU = Release|Any CPU
	EndGlobalSection
	GlobalSection(ProjectConfigurationPlatforms) = postSolution
		{73237280-F317-4BE4-9273-FAEE65D8F320}.Debug|Any CPU.ActiveCfg = Debug|Any CPU
		{73237280-F317-4BE4-9273-FAEE65D8F320}.Debug|Any CPU.Build.0 = Debug|Any CPU
		{73237280-F317-4BE4-9273-FAEE65D8F320}.Release|Any CPU.ActiveCfg = Release|Any CPU
		{73237280-F317-4BE4-9273-FAEE65D8F320}.Release|Any CPU.Build.0 = Release|Any CPU
	EndGlobalSection
	GlobalSection(SolutionProperties) = preSolution
		HideSolutionNode = FALSE
	EndGlobalSection
	GlobalSection(ExtensibilityGlobals) = postSolution
		SolutionGuid = {FC5191FF-023E-4182-9BF3-E21E76EEFD15}
	EndGlobalSection
EndGlobal
